
Microsoft Visual Studio Solution File, Format Version 12.00
# Visual Studio 14
VisualStudioVersion = 14.0.24720.0
MinimumVisualStudioVersion = 10.0.40219.1
Project("{FAE04EC0-301F-11D3-BF4B-00C04F79EFBC}") = "M11_TbF", "M11_TbF\M11_TbF.csproj", "{B4D6F9D8-EF60-4E9B-9D72-2DC4A17EDF18}"
EndProject
Global
	GlobalSection(SolutionConfigurationPlatforms) = preSolution
		Debug|Any CPU = Debug|Any CPU
		Release|Any CPU = Release|Any CPU
	EndGlobalSection
	GlobalSection(ProjectConfigurationPlatforms) = postSolution
		{B4D6F9D8-EF60-4E9B-9D72-2DC4A17EDF18}.Debug|Any CPU.ActiveCfg = Debug|Any CPU
		{B4D6F9D8-EF60-4E9B-9D72-2DC4A17EDF18}.Debug|Any CPU.Build.0 = Debug|Any CPU
		{B4D6F9D8-EF60-4E9B-9D72-2DC4A17EDF18}.Release|Any CPU.ActiveCfg = Release|Any CPU
		{B4D6F9D8-EF60-4E9B-9D72-2DC4A17EDF18}.Release|Any CPU.Build.0 = Release|Any CPU
	EndGlobalSection
	GlobalSection(SolutionProperties) = preSolution
		HideSolutionNode = FALSE
	EndGlobalSection
EndGlobal
